// !$*UTF8*$!
{
	archiveVersion = 1;
	classes = {
	};
	objectVersion = 46;
	objects = {

/* Begin PBXBuildFile section */
		6B7741711F55591900AA9FDD /* main.m in Sources */ = {isa = PBXBuildFile; fileRef = 6B7741701F55591900AA9FDD /* main.m */; };
		6B7741741F55591900AA9FDD /* AppDelegate.m in Sources */ = {isa = PBXBuildFile; fileRef = 6B7741731F55591900AA9FDD /* AppDelegate.m */; };
		6B7741771F55591A00AA9FDD /* ViewController.m in Sources */ = {isa = PBXBuildFile; fileRef = 6B7741761F55591A00AA9FDD /* ViewController.m */; };
		6B77417A1F55591A00AA9FDD /* Main.storyboard in Resources */ = {isa = PBXBuildFile; fileRef = 6B7741781F55591A00AA9FDD /* Main.storyboard */; };
		6B77417C1F55591A00AA9FDD /* Assets.xcassets in Resources */ = {isa = PBXBuildFile; fileRef = 6B77417B1F55591A00AA9FDD /* Assets.xcassets */; };
		6B77417F1F55591A00AA9FDD /* LaunchScreen.storyboard in Resources */ = {isa = PBXBuildFile; fileRef = 6B77417D1F55591A00AA9FDD /* LaunchScreen.storyboard */; };
		6B77418A1F55591A00AA9FDD /* CreatePlistDemoTests.m in Sources */ = {isa = PBXBuildFile; fileRef = 6B7741891F55591A00AA9FDD /* CreatePlistDemoTests.m */; };
		6B7741951F55591A00AA9FDD /* CreatePlistDemoUITests.m in Sources */ = {isa = PBXBuildFile; fileRef = 6B7741941F55591A00AA9FDD /* CreatePlistDemoUITests.m */; };
		6B7741A41F55594B00AA9FDD /* NSString+String.m in Sources */ = {isa = PBXBuildFile; fileRef = 6B7741A31F55594B00AA9FDD /* NSString+String.m */; };
		6B7741A61F55599100AA9FDD /* Address.plist in Resources */ = {isa = PBXBuildFile; fileRef = 6B7741A51F55599100AA9FDD /* Address.plist */; };
/* End PBXBuildFile section */

/* Begin PBXContainerItemProxy section */
		6B7741861F55591A00AA9FDD /* PBXContainerItemProxy */ = {
			isa = PBXContainerItemProxy;
			containerPortal = 6B7741641F55591900AA9FDD /* Project object */;
			proxyType = 1;
			remoteGlobalIDString = 6B77416B1F55591900AA9FDD;
			remoteInfo = CreatePlistDemo;
		};
		6B7741911F55591A00AA9FDD /* PBXContainerItemProxy */ = {
			isa = PBXContainerItemProxy;
			containerPortal = 6B7741641F55591900AA9FDD /* Project object */;
			proxyType = 1;
			remoteGlobalIDString = 6B77416B1F55591900AA9FDD;
			remoteInfo = CreatePlistDemo;
		};
/* End PBXContainerItemProxy section */

/* Begin PBXFileReference section */
		6B77416C1F55591900AA9FDD /* CreatePlistDemo.app */ = {isa = PBXFileReference; explicitFileType = wrapper.application; includeInIndex = 0; path = CreatePlistDemo.app; sourceTree = BUILT_PRODUCTS_DIR; };
		6B7741701F55591900AA9FDD /* main.m */ = {isa = PBXFileReference; lastKnownFileType = sourcecode.c.objc; path = main.m; sourceTree = "<group>"; };
		6B7741721F55591900AA9FDD /* AppDelegate.h */ = {isa = PBXFileReference; lastKnownFileType = sourcecode.c.h; path = AppDelegate.h; sourceTree = "<group>"; };
		6B7741731F55591900AA9FDD /* AppDelegate.m */ = {isa = PBXFileReference; lastKnownFileType = sourcecode.c.objc; path = AppDelegate.m; sourceTree = "<group>"; };
		6B7741751F55591900AA9FDD /* ViewController.h */ = {isa = PBXFileReference; lastKnownFileType = sourcecode.c.h; path = ViewController.h; sourceTree = "<group>"; };
		6B7741761F55591A00AA9FDD /* ViewController.m */ = {isa = PBXFileReference; lastKnownFileType = sourcecode.c.objc; path = ViewController.m; sourceTree = "<group>"; };
		6B7741791F55591A00AA9FDD /* Base */ = {isa = PBXFileReference; lastKnownFileType = file.storyboard; name = Base; path = Base.lproj/Main.storyboard; sourceTree = "<group>"; };
		6B77417B1F55591A00AA9FDD /* Assets.xcassets */ = {isa = PBXFileReference; lastKnownFileType = folder.assetcatalog; path = Assets.xcassets; sourceTree = "<group>"; };
		6B77417E1F55591A00AA9FDD /* Base */ = {isa = PBXFileReference; lastKnownFileType = file.storyboard; name = Base; path = Base.lproj/LaunchScreen.storyboard; sourceTree = "<group>"; };
		6B7741801F55591A00AA9FDD /* Info.plist */ = {isa = PBXFileReference; lastKnownFileType = text.plist.xml; path = Info.plist; sourceTree = "<group>"; };
		6B7741851F55591A00AA9FDD /* CreatePlistDemoTests.xctest */ = {isa = PBXFileReference; explicitFileType = wrapper.cfbundle; includeInIndex = 0; path = CreatePlistDemoTests.xctest; sourceTree = BUILT_PRODUCTS_DIR; };
		6B7741891F55591A00AA9FDD /* CreatePlistDemoTests.m */ = {isa = PBXFileReference; lastKnownFileType = sourcecode.c.objc; path = CreatePlistDemoTests.m; sourceTree = "<group>"; };
		6B77418B1F55591A00AA9FDD /* Info.plist */ = {isa = PBXFileReference; lastKnownFileType = text.plist.xml; path = Info.plist; sourceTree = "<group>"; };
		6B7741901F55591A00AA9FDD /* CreatePlistDemoUITests.xctest */ = {isa = PBXFileReference; explicitFileType = wrapper.cfbundle; includeInIndex = 0; path = CreatePlistDemoUITests.xctest; sourceTree = BUILT_PRODUCTS_DIR; };
		6B7741941F55591A00AA9FDD /* CreatePlistDemoUITests.m */ = {isa = PBXFileReference; lastKnownFileType = sourcecode.c.objc; path = CreatePlistDemoUITests.m; sourceTree = "<group>"; };
		6B7741961F55591A00AA9FDD /* Info.plist */ = {isa = PBXFileReference; lastKnownFileType = text.plist.xml; path = Info.plist; sourceTree = "<group>"; };
		6B7741A21F55594B00AA9FDD /* NSString+String.h */ = {isa = PBXFileReference; fileEncoding = 4; lastKnownFileType = sourcecode.c.h; path = "NSString+String.h"; sourceTree = "<group>"; };
		6B7741A31F55594B00AA9FDD /* NSString+String.m */ = {isa = PBXFileReference; fileEncoding = 4; lastKnownFileType = sourcecode.c.objc; path = "NSString+String.m"; sourceTree = "<group>"; };
		6B7741A51F55599100AA9FDD /* Address.plist */ = {isa = PBXFileReference; fileEncoding = 4; lastKnownFileType = text.plist.xml; path = Address.plist; sourceTree = "<group>"; };
/* End PBXFileReference section */

/* Begin PBXFrameworksBuildPhase section */
		6B7741691F55591900AA9FDD /* Frameworks */ = {
			isa = PBXFrameworksBuildPhase;
			buildActionMask = 2147483647;
			files = (
			);
			runOnlyForDeploymentPostprocessing = 0;
		};
		6B7741821F55591A00AA9FDD /* Frameworks */ = {
			isa = PBXFrameworksBuildPhase;
			buildActionMask = 2147483647;
			files = (
			);
			runOnlyForDeploymentPostprocessing = 0;
		};
		6B77418D1F55591A00AA9FDD /* Frameworks */ = {
			isa = PBXFrameworksBuildPhase;
			buildActionMask = 2147483647;
			files = (
			);
			runOnlyForDeploymentPostprocessing = 0;
		};
/* End PBXFrameworksBuildPhase section */

/* Begin PBXGroup section */
		6B7741631F55591900AA9FDD = {
			isa = PBXGroup;
			children = (
				6B77416E1F55591900AA9FDD /* CreatePlistDemo */,
				6B7741881F55591A00AA9FDD /* CreatePlistDemoTests */,
				6B7741931F55591A00AA9FDD /* CreatePlistDemoUITests */,
				6B77416D1F55591900AA9FDD /* Products */,
			);
			sourceTree = "<group>";
		};
		6B77416D1F55591900AA9FDD /* Products */ = {
			isa = PBXGroup;
			children = (
				6B77416C1F55591900AA9FDD /* CreatePlistDemo.app */,
				6B7741851F55591A00AA9FDD /* CreatePlistDemoTests.xctest */,
				6B7741901F55591A00AA9FDD /* CreatePlistDemoUITests.xctest */,
			);
			name = Products;
			sourceTree = "<group>";
		};
		6B77416E1F55591900AA9FDD /* CreatePlistDemo */ = {
			isa = PBXGroup;
			children = (
				6B7741721F55591900AA9FDD /* AppDelegate.h */,
				6B7741731F55591900AA9FDD /* AppDelegate.m */,
				6B7741751F55591900AA9FDD /* ViewController.h */,
				6B7741761F55591A00AA9FDD /* ViewController.m */,
				6B7741A21F55594B00AA9FDD /* NSString+String.h */,
				6B7741A31F55594B00AA9FDD /* NSString+String.m */,
				6B7741A51F55599100AA9FDD /* Address.plist */,
				6B7741781F55591A00AA9FDD /* Main.storyboard */,
				6B77417B1F55591A00AA9FDD /* Assets.xcassets */,
				6B77417D1F55591A00AA9FDD /* LaunchScreen.storyboard */,
				6B7741801F55591A00AA9FDD /* Info.plist */,
				6B77416F1F55591900AA9FDD /* Supporting Files */,
			);
			path = CreatePlistDemo;
			sourceTree = "<group>";
		};
		6B77416F1F55591900AA9FDD /* Supporting Files */ = {
			isa = PBXGroup;
			children = (
				6B7741701F55591900AA9FDD /* main.m */,
			);
			name = "Supporting Files";
			sourceTree = "<group>";
		};
		6B7741881F55591A00AA9FDD /* CreatePlistDemoTests */ = {
			isa = PBXGroup;
			children = (
				6B7741891F55591A00AA9FDD /* CreatePlistDemoTests.m */,
				6B77418B1F55591A00AA9FDD /* Info.plist */,
			);
			path = CreatePlistDemoTests;
			sourceTree = "<group>";
		};
		6B7741931F55591A00AA9FDD /* CreatePlistDemoUITests */ = {
			isa = PBXGroup;
			children = (
				6B7741941F55591A00AA9FDD /* CreatePlistDemoUITests.m */,
				6B7741961F55591A00AA9FDD /* Info.plist */,
			);
			path = CreatePlistDemoUITests;
			sourceTree = "<group>";
		};
/* End PBXGroup section */

/* Begin PBXNativeTarget section */
		6B77416B1F55591900AA9FDD /* CreatePlistDemo */ = {
			isa = PBXNativeTarget;
			buildConfigurationList = 6B7741991F55591A00AA9FDD /* Build configuration list for PBXNativeTarget "CreatePlistDemo" */;
			buildPhases = (
				6B7741681F55591900AA9FDD /* Sources */,
				6B7741691F55591900AA9FDD /* Frameworks */,
				6B77416A1F55591900AA9FDD /* Resources */,
			);
			buildRules = (
			);
			dependencies = (
			);
			name = CreatePlistDemo;
			productName = CreatePlistDemo;
			productReference = 6B77416C1F55591900AA9FDD /* CreatePlistDemo.app */;
			productType = "com.apple.product-type.application";
		};
		6B7741841F55591A00AA9FDD /* CreatePlistDemoTests */ = {
			isa = PBXNativeTarget;
			buildConfigurationList = 6B77419C1F55591A00AA9FDD /* Build configuration list for PBXNativeTarget "CreatePlistDemoTests" */;
			buildPhases = (
				6B7741811F55591A00AA9FDD /* Sources */,
				6B7741821F55591A00AA9FDD /* Frameworks */,
				6B7741831F55591A00AA9FDD /* Resources */,
			);
			buildRules = (
			);
			dependencies = (
				6B7741871F55591A00AA9FDD /* PBXTargetDependency */,
			);
			name = CreatePlistDemoTests;
			productName = CreatePlistDemoTests;
			productReference = 6B7741851F55591A00AA9FDD /* CreatePlistDemoTests.xctest */;
			productType = "com.apple.product-type.bundle.unit-test";
		};
		6B77418F1F55591A00AA9FDD /* CreatePlistDemoUITests */ = {
			isa = PBXNativeTarget;
			buildConfigurationList = 6B77419F1F55591A00AA9FDD /* Build configuration list for PBXNativeTarget "CreatePlistDemoUITests" */;
			buildPhases = (
				6B77418C1F55591A00AA9FDD /* Sources */,
				6B77418D1F55591A00AA9FDD /* Frameworks */,
				6B77418E1F55591A00AA9FDD /* Resources */,
			);
			buildRules = (
			);
			dependencies = (
				6B7741921F55591A00AA9FDD /* PBXTargetDependency */,
			);
			name = CreatePlistDemoUITests;
			productName = CreatePlistDemoUITests;
			productReference = 6B7741901F55591A00AA9FDD /* CreatePlistDemoUITests.xctest */;
			productType = "com.apple.product-type.bundle.ui-testing";
		};
/* End PBXNativeTarget section */

/* Begin PBXProject section */
		6B7741641F55591900AA9FDD /* Project object */ = {
			isa = PBXProject;
			attributes = {
				LastUpgradeCheck = 0830;
				ORGANIZATIONNAME = galaxy;
				TargetAttributes = {
					6B77416B1F55591900AA9FDD = {
						CreatedOnToolsVersion = 8.3.2;
						DevelopmentTeam = 72SAW6RBPM;
						ProvisioningStyle = Automatic;
					};
					6B7741841F55591A00AA9FDD = {
						CreatedOnToolsVersion = 8.3.2;
						DevelopmentTeam = 72SAW6RBPM;
						ProvisioningStyle = Automatic;
						TestTargetID = 6B77416B1F55591900AA9FDD;
					};
					6B77418F1F55591A00AA9FDD = {
						CreatedOnToolsVersion = 8.3.2;
						DevelopmentTeam = 72SAW6RBPM;
						ProvisioningStyle = Automatic;
						TestTargetID = 6B77416B1F55591900AA9FDD;
					};
				};
			};
			buildConfigurationList = 6B7741671F55591900AA9FDD /* Build configuration list for PBXProject "CreatePlistDemo" */;
			compatibilityVersion = "Xcode 3.2";
			developmentRegion = English;
			hasScannedForEncodings = 0;
			knownRegions = (
				en,
				Base,
			);
			mainGroup = 6B7741631F55591900AA9FDD;
			productRefGroup = 6B77416D1F55591900AA9FDD /* Products */;
			projectDirPath = "";
			projectRoot = "";
			targets = (
				6B77416B1F55591900AA9FDD /* CreatePlistDemo */,
				6B7741841F55591A00AA9FDD /* CreatePlistDemoTests */,
				6B77418F1F55591A00AA9FDD /* CreatePlistDemoUITests */,
			);
		};
/* End PBXProject section */

/* Begin PBXResourcesBuildPhase section */
		6B77416A1F55591900AA9FDD /* Resources */ = {
			isa = PBXResourcesBuildPhase;
			buildActionMask = 2147483647;
			files = (
				6B77417F1F55591A00AA9FDD /* LaunchScreen.storyboard in Resources */,
				6B7741A61F55599100AA9FDD /* Address.plist in Resources */,
				6B77417C1F55591A00AA9FDD /* Assets.xcassets in Resources */,
				6B77417A1F55591A00AA9FDD /* Main.storyboard in Resources */,
			);
			runOnlyForDeploymentPostprocessing = 0;
		};
		6B7741831F55591A00AA9FDD /* Resources */ = {
			isa = PBXResourcesBuildPhase;
			buildActionMask = 2147483647;
			files = (
			);
			runOnlyForDeploymentPostprocessing = 0;
		};
		6B77418E1F55591A00AA9FDD /* Resources */ = {
			isa = PBXResourcesBuildPhase;
			buildActionMask = 2147483647;
			files = (
			);
			runOnlyForDeploymentPostprocessing = 0;
		};
/* End PBXResourcesBuildPhase section */

/* Begin PBXSourcesBuildPhase section */
		6B7741681F55591900AA9FDD /* Sources */ = {
			isa = PBXSourcesBuildPhase;
			buildActionMask = 2147483647;
			files = (
				6B7741771F55591A00AA9FDD /* ViewController.m in Sources */,
				6B7741741F55591900AA9FDD /* AppDelegate.m in Sources */,
				6B7741A41F55594B00AA9FDD /* NSString+String.m in Sources */,
				6B7741711F55591900AA9FDD /* main.m in Sources */,
			);
			runOnlyForDeploymentPostprocessing = 0;
		};
		6B7741811F55591A00AA9FDD /* Sources */ = {
			isa = PBXSourcesBuildPhase;
			buildActionMask = 2147483647;
			files = (
				6B77418A1F55591A00AA9FDD /* CreatePlistDemoTests.m in Sources */,
			);
			runOnlyForDeploymentPostprocessing = 0;
		};
		6B77418C1F55591A00AA9FDD /* Sources */ = {
			isa = PBXSourcesBuildPhase;
			buildActionMask = 2147483647;
			files = (
				6B7741951F55591A00AA9FDD /* CreatePlistDemoUITests.m in Sources */,
			);
			runOnlyForDeploymentPostprocessing = 0;
		};
/* End PBXSourcesBuildPhase section */

/* Begin PBXTargetDependency section */
		6B7741871F55591A00AA9FDD /* PBXTargetDependency */ = {
			isa = PBXTargetDependency;
			target = 6B77416B1F55591900AA9FDD /* CreatePlistDemo */;
			targetProxy = 6B7741861F55591A00AA9FDD /* PBXContainerItemProxy */;
		};
		6B7741921F55591A00AA9FDD /* PBXTargetDependency */ = {
			isa = PBXTargetDependency;
			target = 6B77416B1F55591900AA9FDD /* CreatePlistDemo */;
			targetProxy = 6B7741911F55591A00AA9FDD /* PBXContainerItemProxy */;
		};
/* End PBXTargetDependency section */

/* Begin PBXVariantGroup section */
		6B7741781F55591A00AA9FDD /* Main.storyboard */ = {
			isa = PBXVariantGroup;
			children = (
				6B7741791F55591A00AA9FDD /* Base */,
			);
			name = Main.storyboard;
			sourceTree = "<group>";
		};
		6B77417D1F55591A00AA9FDD /* LaunchScreen.storyboard */ = {
			isa = PBXVariantGroup;
			children = (
				6B77417E1F55591A00AA9FDD /* Base */,
			);
			name = LaunchScreen.storyboard;
			sourceTree = "<group>";
		};
/* End PBXVariantGroup section */

/* Begin XCBuildConfiguration section */
		6B7741971F55591A00AA9FDD /* Debug */ = {
			isa = XCBuildConfiguration;
			buildSettings = {
				ALWAYS_SEARCH_USER_PATHS = NO;
				CLANG_ANALYZER_NONNULL = YES;
				CLANG_ANALYZER_NUMBER_OBJECT_CONVERSION = YES_AGGRESSIVE;
				CLANG_CXX_LANGUAGE_STANDARD = "gnu++0x";
				CLANG_CXX_LIBRARY = "libc++";
				CLANG_ENABLE_MODULES = YES;
				CLANG_ENABLE_OBJC_ARC = YES;
				CLANG_WARN_BOOL_CONVERSION = YES;
				CLANG_WARN_CONSTANT_CONVERSION = YES;
				CLANG_WARN_DIRECT_OBJC_ISA_USAGE = YES_ERROR;
				CLANG_WARN_DOCUMENTATION_COMMENTS = YES;
				CLANG_WARN_EMPTY_BODY = YES;
				CLANG_WARN_ENUM_CONVERSION = YES;
				CLANG_WARN_INFINITE_RECURSION = YES;
				CLANG_WARN_INT_CONVERSION = YES;
				CLANG_WARN_OBJC_ROOT_CLASS = YES_ERROR;
				CLANG_WARN_SUSPICIOUS_MOVE = YES;
				CLANG_WARN_UNREACHABLE_CODE = YES;
				CLANG_WARN__DUPLICATE_METHOD_MATCH = YES;
				"CODE_SIGN_IDENTITY[sdk=iphoneos*]" = "iPhone Developer";
				COPY_PHASE_STRIP = NO;
				DEBUG_INFORMATION_FORMAT = dwarf;
				ENABLE_STRICT_OBJC_MSGSEND = YES;
				ENABLE_TESTABILITY = YES;
				GCC_C_LANGUAGE_STANDARD = gnu99;
				GCC_DYNAMIC_NO_PIC = NO;
				GCC_NO_COMMON_BLOCKS = YES;
				GCC_OPTIMIZATION_LEVEL = 0;
				GCC_PREPROCESSOR_DEFINITIONS = (
					"DEBUG=1",
					"$(inherited)",
				);
				GCC_WARN_64_TO_32_BIT_CONVERSION = YES;
				GCC_WARN_ABOUT_RETURN_TYPE = YES_ERROR;
				GCC_WARN_UNDECLARED_SELECTOR = YES;
				GCC_WARN_UNINITIALIZED_AUTOS = YES_AGGRESSIVE;
				GCC_WARN_UNUSED_FUNCTION = YES;
				GCC_WARN_UNUSED_VARIABLE = YES;
				IPHONEOS_DEPLOYMENT_TARGET = 10.3;
				MTL_ENABLE_DEBUG_INFO = YES;
				ONLY_ACTIVE_ARCH = YES;
				SDKROOT = iphoneos;
			};
			name = Debug;
		};
		6B7741981F55591A00AA9FDD /* Release */ = {
			isa = XCBuildConfiguration;
			buildSettings = {
				ALWAYS_SEARCH_USER_PATHS = NO;
				CLANG_ANALYZER_NONNULL = YES;
				CLANG_ANALYZER_NUMBER_OBJECT_CONVERSION = YES_AGGRESSIVE;
				CLANG_CXX_LANGUAGE_STANDARD = "gnu++0x";
				CLANG_CXX_LIBRARY = "libc++";
				CLANG_ENABLE_MODULES = YES;
				CLANG_ENABLE_OBJC_ARC = YES;
				CLANG_WARN_BOOL_CONVERSION = YES;
				CLANG_WARN_CONSTANT_CONVERSION = YES;
				CLANG_WARN_DIRECT_OBJC_ISA_USAGE = YES_ERROR;
				CLANG_WARN_DOCUMENTATION_COMMENTS = YES;
				CLANG_WARN_EMPTY_BODY = YES;
				CLANG_WARN_ENUM_CONVERSION = YES;
				CLANG_WARN_INFINITE_RECURSION = YES;
				CLANG_WARN_INT_CONVERSION = YES;
				CLANG_WARN_OBJC_ROOT_CLASS = YES_ERROR;
				CLANG_WARN_SUSPICIOUS_MOVE = YES;
				CLANG_WARN_UNREACHABLE_CODE = YES;
				CLANG_WARN__DUPLICATE_METHOD_MATCH = YES;
				"CODE_SIGN_IDENTITY[sdk=iphoneos*]" = "iPhone Developer";
				COPY_PHASE_STRIP = NO;
				DEBUG_INFORMATION_FORMAT = "dwarf-with-dsym";
				ENABLE_NS_ASSERTIONS = NO;
				ENABLE_STRICT_OBJC_MSGSEND = YES;
				GCC_C_LANGUAGE_STANDARD = gnu99;
				GCC_NO_COMMON_BLOCKS = YES;
				GCC_WARN_64_TO_32_BIT_CONVERSION = YES;
				GCC_WARN_ABOUT_RETURN_TYPE = YES_ERROR;
				GCC_WARN_UNDECLARED_SELECTOR = YES;
				GCC_WARN_UNINITIALIZED_AUTOS = YES_AGGRESSIVE;
				GCC_WARN_UNUSED_FUNCTION = YES;
				GCC_WARN_UNUSED_VARIABLE = YES;
				IPHONEOS_DEPLOYMENT_TARGET = 10.3;
				MTL_ENABLE_DEBUG_INFO = NO;
				SDKROOT = iphoneos;
				VALIDATE_PRODUCT = YES;
			};
			name = Release;
		};
		6B77419A1F55591A00AA9FDD /* Debug */ = {
			isa = XCBuildConfiguration;
			buildSettings = {
				ASSETCATALOG_COMPILER_APPICON_NAME = AppIcon;
				DEVELOPMENT_TEAM = 72SAW6RBPM;
				INFOPLIST_FILE = CreatePlistDemo/Info.plist;
				LD_RUNPATH_SEARCH_PATHS = "$(inherited) @executable_path/Frameworks";
				PRODUCT_BUNDLE_IDENTIFIER = com.hzyimatong.CreatePlistDemo;
				PRODUCT_NAME = "$(TARGET_NAME)";
			};
			name = Debug;
		};
		6B77419B1F55591A00AA9FDD /* Release */ = {
			isa = XCBuildConfiguration;
			buildSettings = {
				ASSETCATALOG_COMPILER_APPICON_NAME = AppIcon;
				DEVELOPMENT_TEAM = 72SAW6RBPM;
				INFOPLIST_FILE = CreatePlistDemo/Info.plist;
				LD_RUNPATH_SEARCH_PATHS = "$(inherited) @executable_path/Frameworks";
				PRODUCT_BUNDLE_IDENTIFIER = com.hzyimatong.CreatePlistDemo;
				PRODUCT_NAME = "$(TARGET_NAME)";
			};
			name = Release;
		};
		6B77419D1F55591A00AA9FDD /* Debug */ = {
			isa = XCBuildConfiguration;
			buildSettings = {
				BUNDLE_LOADER = "$(TEST_HOST)";
				DEVELOPMENT_TEAM = 72SAW6RBPM;
				INFOPLIST_FILE = CreatePlistDemoTests/Info.plist;
				LD_RUNPATH_SEARCH_PATHS = "$(inherited) @executable_path/Frameworks @loader_path/Frameworks";
				PRODUCT_BUNDLE_IDENTIFIER = com.hzyimatong.CreatePlistDemoTests;
				PRODUCT_NAME = "$(TARGET_NAME)";
				TEST_HOST = "$(BUILT_PRODUCTS_DIR)/CreatePlistDemo.app/CreatePlistDemo";
			};
			name = Debug;
		};
		6B77419E1F55591A00AA9FDD /* Release */ = {
			isa = XCBuildConfiguration;
			buildSettings = {
				BUNDLE_LOADER = "$(TEST_HOST)";
				DEVELOPMENT_TEAM = 72SAW6RBPM;
				INFOPLIST_FILE = CreatePlistDemoTests/Info.plist;
				LD_RUNPATH_SEARCH_PATHS = "$(inherited) @executable_path/Frameworks @loader_path/Frameworks";
				PRODUCT_BUNDLE_IDENTIFIER = com.hzyimatong.CreatePlistDemoTests;
				PRODUCT_NAME = "$(TARGET_NAME)";
				TEST_HOST = "$(BUILT_PRODUCTS_DIR)/CreatePlistDemo.app/CreatePlistDemo";
			};
			name = Release;
		};
		6B7741A01F55591A00AA9FDD /* Debug */ = {
			isa = XCBuildConfiguration;
			buildSettings = {
				DEVELOPMENT_TEAM = 72SAW6RBPM;
				INFOPLIST_FILE = CreatePlistDemoUITests/Info.plist;
				LD_RUNPATH_SEARCH_PATHS = "$(inherited) @executable_path/Frameworks @loader_path/Frameworks";
				PRODUCT_BUNDLE_IDENTIFIER = com.hzyimatong.CreatePlistDemoUITests;
				PRODUCT_NAME = "$(TARGET_NAME)";
				TEST_TARGET_NAME = CreatePlistDemo;
			};
			name = Debug;
		};
		6B7741A11F55591A00AA9FDD /* Release */ = {
			isa = XCBuildConfiguration;
			buildSettings = {
				DEVELOPMENT_TEAM = 72SAW6RBPM;
				INFOPLIST_FILE = CreatePlistDemoUITests/Info.plist;
				LD_RUNPATH_SEARCH_PATHS = "$(inherited) @executable_path/Frameworks @loader_path/Frameworks";
				PRODUCT_BUNDLE_IDENTIFIER = com.hzyimatong.CreatePlistDemoUITests;
				PRODUCT_NAME = "$(TARGET_NAME)";
				TEST_TARGET_NAME = CreatePlistDemo;
			};
			name = Release;
		};
/* End XCBuildConfiguration section */

/* Begin XCConfigurationList section */
		6B7741671F55591900AA9FDD /* Build configuration list for PBXProject "CreatePlistDemo" */ = {
			isa = XCConfigurationList;
			buildConfigurations = (
				6B7741971F55591A00AA9FDD /* Debug */,
				6B7741981F55591A00AA9FDD /* Release */,
			);
			defaultConfigurationIsVisible = 0;
			defaultConfigurationName = Release;
		};
		6B7741991F55591A00AA9FDD /* Build configuration list for PBXNativeTarget "CreatePlistDemo" */ = {
			isa = XCConfigurationList;
			buildConfigurations = (
				6B77419A1F55591A00AA9FDD /* Debug */,
				6B77419B1F55591A00AA9FDD /* Release */,
			);
			defaultConfigurationIsVisible = 0;
		};
		6B77419C1F55591A00AA9FDD /* Build configuration list for PBXNativeTarget "CreatePlistDemoTests" */ = {
			isa = XCConfigurationList;
			buildConfigurations = (
				6B77419D1F55591A00AA9FDD /* Debug */,
				6B77419E1F55591A00AA9FDD /* Release */,
			);
			defaultConfigurationIsVisible = 0;
		};
		6B77419F1F55591A00AA9FDD /* Build configuration list for PBXNativeTarget "CreatePlistDemoUITests" */ = {
			isa = XCConfigurationList;
			buildConfigurations = (
				6B7741A01F55591A00AA9FDD /* Debug */,
				6B7741A11F55591A00AA9FDD /* Release */,
			);
			defaultConfigurationIsVisible = 0;
		};
/* End XCConfigurationList section */
	};
	rootObject = 6B7741641F55591900AA9FDD /* Project object */;
}
